// !$*UTF8*$!
{
	archiveVersion = 1;
	classes = {
	};
	objectVersion = 77;
	objects = {

/* Begin PBXContainerItemProxy section */
		A6ABC7072CDA29A300FFEA0B /* PBXContainerItemProxy */ = {
			isa = PBXContainerItemProxy;
			containerPortal = A6ABC6EE2CDA29A100FFEA0B /* Project object */;
			proxyType = 1;
			remoteGlobalIDString = A6ABC6F52CDA29A100FFEA0B;
			remoteInfo = letechnicien;
		};
		A6ABC7112CDA29A300FFEA0B /* PBXContainerItemProxy */ = {
			isa = PBXContainerItemProxy;
			containerPortal = A6ABC6EE2CDA29A100FFEA0B /* Project object */;
			proxyType = 1;
			remoteGlobalIDString = A6ABC6F52CDA29A100FFEA0B;
			remoteInfo = letechnicien;
		};
/* End PBXContainerItemProxy section */

/* Begin PBXFileReference section */
		A6ABC6F62CDA29A100FFEA0B /* letechnicien.app */ = {isa = PBXFileReference; explicitFileType = wrapper.application; includeInIndex = 0; path = letechnicien.app; sourceTree = BUILT_PRODUCTS_DIR; };
		A6ABC7062CDA29A300FFEA0B /* letechnicienTests.xctest */ = {isa = PBXFileReference; explicitFileType = wrapper.cfbundle; includeInIndex = 0; path = letechnicienTests.xctest; sourceTree = BUILT_PRODUCTS_DIR; };
		A6ABC7102CDA29A300FFEA0B /* letechnicienUITests.xctest */ = {isa = PBXFileReference; explicitFileType = wrapper.cfbundle; includeInIndex = 0; path = letechnicienUITests.xctest; sourceTree = BUILT_PRODUCTS_DIR; };
/* End PBXFileReference section */

/* Begin PBXFileSystemSynchronizedRootGroup section */
		A6ABC6F82CDA29A100FFEA0B /* letechnicien */ = {
			isa = PBXFileSystemSynchronizedRootGroup;
			path = letechnicien;
			sourceTree = "<group>";
		};
		A6ABC7092CDA29A300FFEA0B /* letechnicienTests */ = {
			isa = PBXFileSystemSynchronizedRootGroup;
			path = letechnicienTests;
			sourceTree = "<group>";
		};
		A6ABC7132CDA29A300FFEA0B /* letechnicienUITests */ = {
			isa = PBXFileSystemSynchronizedRootGroup;
			path = letechnicienUITests;
			sourceTree = "<group>";
		};
/* End PBXFileSystemSynchronizedRootGroup section */

/* Begin PBXFrameworksBuildPhase section */
		A6ABC6F32CDA29A100FFEA0B /* Frameworks */ = {
			isa = PBXFrameworksBuildPhase;
			buildActionMask = 2147483647;
			files = (
			);
			runOnlyForDeploymentPostprocessing = 0;
		};
		A6ABC7032CDA29A300FFEA0B /* Frameworks */ = {
			isa = PBXFrameworksBuildPhase;
			buildActionMask = 2147483647;
			files = (
			);
			runOnlyForDeploymentPostprocessing = 0;
		};
		A6ABC70D2CDA29A300FFEA0B /* Frameworks */ = {
			isa = PBXFrameworksBuildPhase;
			buildActionMask = 2147483647;
			files = (
			);
			runOnlyForDeploymentPostprocessing = 0;
		};
/* End PBXFrameworksBuildPhase section */

/* Begin PBXGroup section */
		A6ABC6ED2CDA29A100FFEA0B = {
			isa = PBXGroup;
			children = (
				A6ABC6F82CDA29A100FFEA0B /* letechnicien */,
				A6ABC7092CDA29A300FFEA0B /* letechnicienTests */,
				A6ABC7132CDA29A300FFEA0B /* letechnicienUITests */,
				A6ABC6F72CDA29A100FFEA0B /* Products */,
			);
			sourceTree = "<group>";
		};
		A6ABC6F72CDA29A100FFEA0B /* Products */ = {
			isa = PBXGroup;
			children = (
				A6ABC6F62CDA29A100FFEA0B /* letechnicien.app */,
				A6ABC7062CDA29A300FFEA0B /* letechnicienTests.xctest */,
				A6ABC7102CDA29A300FFEA0B /* letechnicienUITests.xctest */,
			);
			name = Products;
			sourceTree = "<group>";
		};
/* End PBXGroup section */

/* Begin PBXNativeTarget section */
		A6ABC6F52CDA29A100FFEA0B /* letechnicien */ = {
			isa = PBXNativeTarget;
			buildConfigurationList = A6ABC71A2CDA29A300FFEA0B /* Build configuration list for PBXNativeTarget "letechnicien" */;
			buildPhases = (
				A6ABC6F22CDA29A100FFEA0B /* Sources */,
				A6ABC6F32CDA29A100FFEA0B /* Frameworks */,
				A6ABC6F42CDA29A100FFEA0B /* Resources */,
			);
			buildRules = (
			);
			dependencies = (
			);
			fileSystemSynchronizedGroups = (
				A6ABC6F82CDA29A100FFEA0B /* letechnicien */,
			);
			name = letechnicien;
			packageProductDependencies = (
			);
			productName = letechnicien;
			productReference = A6ABC6F62CDA29A100FFEA0B /* letechnicien.app */;
			productType = "com.apple.product-type.application";
		};
		A6ABC7052CDA29A300FFEA0B /* letechnicienTests */ = {
			isa = PBXNativeTarget;
			buildConfigurationList = A6ABC71D2CDA29A300FFEA0B /* Build configuration list for PBXNativeTarget "letechnicienTests" */;
			buildPhases = (
				A6ABC7022CDA29A300FFEA0B /* Sources */,
				A6ABC7032CDA29A300FFEA0B /* Frameworks */,
				A6ABC7042CDA29A300FFEA0B /* Resources */,
			);
			buildRules = (
			);
			dependencies = (
				A6ABC7082CDA29A300FFEA0B /* PBXTargetDependency */,
			);
			fileSystemSynchronizedGroups = (
				A6ABC7092CDA29A300FFEA0B /* letechnicienTests */,
			);
			name = letechnicienTests;
			packageProductDependencies = (
			);
			productName = letechnicienTests;
			productReference = A6ABC7062CDA29A300FFEA0B /* letechnicienTests.xctest */;
			productType = "com.apple.product-type.bundle.unit-test";
		};
		A6ABC70F2CDA29A300FFEA0B /* letechnicienUITests */ = {
			isa = PBXNativeTarget;
			buildConfigurationList = A6ABC7202CDA29A300FFEA0B /* Build configuration list for PBXNativeTarget "letechnicienUITests" */;
			buildPhases = (
				A6ABC70C2CDA29A300FFEA0B /* Sources */,
				A6ABC70D2CDA29A300FFEA0B /* Frameworks */,
				A6ABC70E2CDA29A300FFEA0B /* Resources */,
			);
			buildRules = (
			);
			dependencies = (
				A6ABC7122CDA29A300FFEA0B /* PBXTargetDependency */,
			);
			fileSystemSynchronizedGroups = (
				A6ABC7132CDA29A300FFEA0B /* letechnicienUITests */,
			);
			name = letechnicienUITests;
			packageProductDependencies = (
			);
			productName = letechnicienUITests;
			productReference = A6ABC7102CDA29A300FFEA0B /* letechnicienUITests.xctest */;
			productType = "com.apple.product-type.bundle.ui-testing";
		};
/* End PBXNativeTarget section */

/* Begin PBXProject section */
		A6ABC6EE2CDA29A100FFEA0B /* Project object */ = {
			isa = PBXProject;
			attributes = {
				BuildIndependentTargetsInParallel = 1;
				LastSwiftUpdateCheck = 1610;
				LastUpgradeCheck = 1610;
				TargetAttributes = {
					A6ABC6F52CDA29A100FFEA0B = {
						CreatedOnToolsVersion = 16.1;
					};
					A6ABC7052CDA29A300FFEA0B = {
						CreatedOnToolsVersion = 16.1;
						TestTargetID = A6ABC6F52CDA29A100FFEA0B;
					};
					A6ABC70F2CDA29A300FFEA0B = {
						CreatedOnToolsVersion = 16.1;
						TestTargetID = A6ABC6F52CDA29A100FFEA0B;
					};
				};
			};
			buildConfigurationList = A6ABC6F12CDA29A100FFEA0B /* Build configuration list for PBXProject "letechnicien" */;
			developmentRegion = en;
			hasScannedForEncodings = 0;
			knownRegions = (
				en,
				Base,
			);
			mainGroup = A6ABC6ED2CDA29A100FFEA0B;
			minimizedProjectReferenceProxies = 1;
			preferredProjectObjectVersion = 77;
			productRefGroup = A6ABC6F72CDA29A100FFEA0B /* Products */;
			projectDirPath = "";
			projectRoot = "";
			targets = (
				A6ABC6F52CDA29A100FFEA0B /* letechnicien */,
				A6ABC7052CDA29A300FFEA0B /* letechnicienTests */,
				A6ABC70F2CDA29A300FFEA0B /* letechnicienUITests */,
			);
		};
/* End PBXProject section */

/* Begin PBXResourcesBuildPhase section */
		A6ABC6F42CDA29A100FFEA0B /* Resources */ = {
			isa = PBXResourcesBuildPhase;
			buildActionMask = 2147483647;
			files = (
			);
			runOnlyForDeploymentPostprocessing = 0;
		};
		A6ABC7042CDA29A300FFEA0B /* Resources */ = {
			isa = PBXResourcesBuildPhase;
			buildActionMask = 2147483647;
			files = (
			);
			runOnlyForDeploymentPostprocessing = 0;
		};
		A6ABC70E2CDA29A300FFEA0B /* Resources */ = {
			isa = PBXResourcesBuildPhase;
			buildActionMask = 2147483647;
			files = (
			);
			runOnlyForDeploymentPostprocessing = 0;
		};
/* End PBXResourcesBuildPhase section */

/* Begin PBXSourcesBuildPhase section */
		A6ABC6F22CDA29A100FFEA0B /* Sources */ = {
			isa = PBXSourcesBuildPhase;
			buildActionMask = 2147483647;
			files = (
			);
			runOnlyForDeploymentPostprocessing = 0;
		};
		A6ABC7022CDA29A300FFEA0B /* Sources */ = {
			isa = PBXSourcesBuildPhase;
			buildActionMask = 2147483647;
			files = (
			);
			runOnlyForDeploymentPostprocessing = 0;
		};
		A6ABC70C2CDA29A300FFEA0B /* Sources */ = {
			isa = PBXSourcesBuildPhase;
			buildActionMask = 2147483647;
			files = (
			);
			runOnlyForDeploymentPostprocessing = 0;
		};
/* End PBXSourcesBuildPhase section */

/* Begin PBXTargetDependency section */
		A6ABC7082CDA29A300FFEA0B /* PBXTargetDependency */ = {
			isa = PBXTargetDependency;
			target = A6ABC6F52CDA29A100FFEA0B /* letechnicien */;
			targetProxy = A6ABC7072CDA29A300FFEA0B /* PBXContainerItemProxy */;
		};
		A6ABC7122CDA29A300FFEA0B /* PBXTargetDependency */ = {
			isa = PBXTargetDependency;
			target = A6ABC6F52CDA29A100FFEA0B /* letechnicien */;
			targetProxy = A6ABC7112CDA29A300FFEA0B /* PBXContainerItemProxy */;
		};
/* End PBXTargetDependency section */

/* Begin XCBuildConfiguration section */
		A6ABC7182CDA29A300FFEA0B /* Debug */ = {
			isa = XCBuildConfiguration;
			buildSettings = {
				ALWAYS_SEARCH_USER_PATHS = NO;
				ASSETCATALOG_COMPILER_GENERATE_SWIFT_ASSET_SYMBOL_EXTENSIONS = YES;
				CLANG_ANALYZER_NONNULL = YES;
				CLANG_ANALYZER_NUMBER_OBJECT_CONVERSION = YES_AGGRESSIVE;
				CLANG_CXX_LANGUAGE_STANDARD = "gnu++20";
				CLANG_ENABLE_MODULES = YES;
				CLANG_ENABLE_OBJC_ARC = YES;
				CLANG_ENABLE_OBJC_WEAK = YES;
				CLANG_WARN_BLOCK_CAPTURE_AUTORELEASING = YES;
				CLANG_WARN_BOOL_CONVERSION = YES;
				CLANG_WARN_COMMA = YES;
				CLANG_WARN_CONSTANT_CONVERSION = YES;
				CLANG_WARN_DEPRECATED_OBJC_IMPLEMENTATIONS = YES;
				CLANG_WARN_DIRECT_OBJC_ISA_USAGE = YES_ERROR;
				CLANG_WARN_DOCUMENTATION_COMMENTS = YES;
				CLANG_WARN_EMPTY_BODY = YES;
				CLANG_WARN_ENUM_CONVERSION = YES;
				CLANG_WARN_INFINITE_RECURSION = YES;
				CLANG_WARN_INT_CONVERSION = YES;
				CLANG_WARN_NON_LITERAL_NULL_CONVERSION = YES;
				CLANG_WARN_OBJC_IMPLICIT_RETAIN_SELF = YES;
				CLANG_WARN_OBJC_LITERAL_CONVERSION = YES;
				CLANG_WARN_OBJC_ROOT_CLASS = YES_ERROR;
				CLANG_WARN_QUOTED_INCLUDE_IN_FRAMEWORK_HEADER = YES;
				CLANG_WARN_RANGE_LOOP_ANALYSIS = YES;
				CLANG_WARN_STRICT_PROTOTYPES = YES;
				CLANG_WARN_SUSPICIOUS_MOVE = YES;
				CLANG_WARN_UNGUARDED_AVAILABILITY = YES_AGGRESSIVE;
				CLANG_WARN_UNREACHABLE_CODE = YES;
				CLANG_WARN__DUPLICATE_METHOD_MATCH = YES;
				COPY_PHASE_STRIP = NO;
				DEBUG_INFORMATION_FORMAT = dwarf;
				ENABLE_STRICT_OBJC_MSGSEND = YES;
				ENABLE_TESTABILITY = YES;
				ENABLE_USER_SCRIPT_SANDBOXING = YES;
				GCC_C_LANGUAGE_STANDARD = gnu17;
				GCC_DYNAMIC_NO_PIC = NO;
				GCC_NO_COMMON_BLOCKS = YES;
				GCC_OPTIMIZATION_LEVEL = 0;
				GCC_PREPROCESSOR_DEFINITIONS = (
					"DEBUG=1",
					"$(inherited)",
				);
				GCC_WARN_64_TO_32_BIT_CONVERSION = YES;
				GCC_WARN_ABOUT_RETURN_TYPE = YES_ERROR;
				GCC_WARN_UNDECLARED_SELECTOR = YES;
				GCC_WARN_UNINITIALIZED_AUTOS = YES_AGGRESSIVE;
				GCC_WARN_UNUSED_FUNCTION = YES;
				GCC_WARN_UNUSED_VARIABLE = YES;
				IPHONEOS_DEPLOYMENT_TARGET = 18.1;
				LOCALIZATION_PREFERS_STRING_CATALOGS = YES;
				MTL_ENABLE_DEBUG_INFO = INCLUDE_SOURCE;
				MTL_FAST_MATH = YES;
				ONLY_ACTIVE_ARCH = YES;
				SDKROOT = iphoneos;
				SWIFT_ACTIVE_COMPILATION_CONDITIONS = "DEBUG $(inherited)";
				SWIFT_OPTIMIZATION_LEVEL = "-Onone";
			};
			name = Debug;
		};
		A6ABC7192CDA29A300FFEA0B /* Release */ = {
			isa = XCBuildConfiguration;
			buildSettings = {
				ALWAYS_SEARCH_USER_PATHS = NO;
				ASSETCATALOG_COMPILER_GENERATE_SWIFT_ASSET_SYMBOL_EXTENSIONS = YES;
				CLANG_ANALYZER_NONNULL = YES;
				CLANG_ANALYZER_NUMBER_OBJECT_CONVERSION = YES_AGGRESSIVE;
				CLANG_CXX_LANGUAGE_STANDARD = "gnu++20";
				CLANG_ENABLE_MODULES = YES;
				CLANG_ENABLE_OBJC_ARC = YES;
				CLANG_ENABLE_OBJC_WEAK = YES;
				CLANG_WARN_BLOCK_CAPTURE_AUTORELEASING = YES;
				CLANG_WARN_BOOL_CONVERSION = YES;
				CLANG_WARN_COMMA = YES;
				CLANG_WARN_CONSTANT_CONVERSION = YES;
				CLANG_WARN_DEPRECATED_OBJC_IMPLEMENTATIONS = YES;
				CLANG_WARN_DIRECT_OBJC_ISA_USAGE = YES_ERROR;
				CLANG_WARN_DOCUMENTATION_COMMENTS = YES;
				CLANG_WARN_EMPTY_BODY = YES;
				CLANG_WARN_ENUM_CONVERSION = YES;
				CLANG_WARN_INFINITE_RECURSION = YES;
				CLANG_WARN_INT_CONVERSION = YES;
				CLANG_WARN_NON_LITERAL_NULL_CONVERSION = YES;
				CLANG_WARN_OBJC_IMPLICIT_RETAIN_SELF = YES;
				CLANG_WARN_OBJC_LITERAL_CONVERSION = YES;
				CLANG_WARN_OBJC_ROOT_CLASS = YES_ERROR;
				CLANG_WARN_QUOTED_INCLUDE_IN_FRAMEWORK_HEADER = YES;
				CLANG_WARN_RANGE_LOOP_ANALYSIS = YES;
				CLANG_WARN_STRICT_PROTOTYPES = YES;
				CLANG_WARN_SUSPICIOUS_MOVE = YES;
				CLANG_WARN_UNGUARDED_AVAILABILITY = YES_AGGRESSIVE;
				CLANG_WARN_UNREACHABLE_CODE = YES;
				CLANG_WARN__DUPLICATE_METHOD_MATCH = YES;
				COPY_PHASE_STRIP = NO;
				DEBUG_INFORMATION_FORMAT = "dwarf-with-dsym";
				ENABLE_NS_ASSERTIONS = NO;
				ENABLE_STRICT_OBJC_MSGSEND = YES;
				ENABLE_USER_SCRIPT_SANDBOXING = YES;
				GCC_C_LANGUAGE_STANDARD = gnu17;
				GCC_NO_COMMON_BLOCKS = YES;
				GCC_WARN_64_TO_32_BIT_CONVERSION = YES;
				GCC_WARN_ABOUT_RETURN_TYPE = YES_ERROR;
				GCC_WARN_UNDECLARED_SELECTOR = YES;
				GCC_WARN_UNINITIALIZED_AUTOS = YES_AGGRESSIVE;
				GCC_WARN_UNUSED_FUNCTION = YES;
				GCC_WARN_UNUSED_VARIABLE = YES;
				IPHONEOS_DEPLOYMENT_TARGET = 18.1;
				LOCALIZATION_PREFERS_STRING_CATALOGS = YES;
				MTL_ENABLE_DEBUG_INFO = NO;
				MTL_FAST_MATH = YES;
				SDKROOT = iphoneos;
				SWIFT_COMPILATION_MODE = wholemodule;
				VALIDATE_PRODUCT = YES;
			};
			name = Release;
		};
		A6ABC71B2CDA29A300FFEA0B /* Debug */ = {
			isa = XCBuildConfiguration;
			buildSettings = {
				ASSETCATALOG_COMPILER_APPICON_NAME = AppIcon;
				ASSETCATALOG_COMPILER_GLOBAL_ACCENT_COLOR_NAME = AccentColor;
				CODE_SIGN_STYLE = Automatic;
				CURRENT_PROJECT_VERSION = 1;
				DEVELOPMENT_ASSET_PATHS = "\"letechnicien/Preview Content\"";
				DEVELOPMENT_TEAM = DZ9AADPZV2;
				ENABLE_PREVIEWS = YES;
				GENERATE_INFOPLIST_FILE = YES;
				INFOPLIST_KEY_UIApplicationSceneManifest_Generation = YES;
				INFOPLIST_KEY_UIApplicationSupportsIndirectInputEvents = YES;
				INFOPLIST_KEY_UILaunchScreen_Generation = YES;
				INFOPLIST_KEY_UISupportedInterfaceOrientations_iPad = "UIInterfaceOrientationPortrait UIInterfaceOrientationPortraitUpsideDown UIInterfaceOrientationLandscapeLeft UIInterfaceOrientationLandscapeRight";
				INFOPLIST_KEY_UISupportedInterfaceOrientations_iPhone = "UIInterfaceOrientationPortrait UIInterfaceOrientationLandscapeLeft UIInterfaceOrientationLandscapeRight";
				LD_RUNPATH_SEARCH_PATHS = (
					"$(inherited)",
					"@executable_path/Frameworks",
				);
				MARKETING_VERSION = 1.0;
				PRODUCT_BUNDLE_IDENTIFIER = melm.letechnicien;
				PRODUCT_NAME = "$(TARGET_NAME)";
				SWIFT_EMIT_LOC_STRINGS = YES;
				SWIFT_VERSION = 5.0;
				TARGETED_DEVICE_FAMILY = "1,2";
			};
			name = Debug;
		};
		A6ABC71C2CDA29A300FFEA0B /* Release */ = {
			isa = XCBuildConfiguration;
			buildSettings = {
				ASSETCATALOG_COMPILER_APPICON_NAME = AppIcon;
				ASSETCATALOG_COMPILER_GLOBAL_ACCENT_COLOR_NAME = AccentColor;
				CODE_SIGN_STYLE = Automatic;
				CURRENT_PROJECT_VERSION = 1;
				DEVELOPMENT_ASSET_PATHS = "\"letechnicien/Preview Content\"";
				DEVELOPMENT_TEAM = DZ9AADPZV2;
				ENABLE_PREVIEWS = YES;
				GENERATE_INFOPLIST_FILE = YES;
				INFOPLIST_KEY_UIApplicationSceneManifest_Generation = YES;
				INFOPLIST_KEY_UIApplicationSupportsIndirectInputEvents = YES;
				INFOPLIST_KEY_UILaunchScreen_Generation = YES;
				INFOPLIST_KEY_UISupportedInterfaceOrientations_iPad = "UIInterfaceOrientationPortrait UIInterfaceOrientationPortraitUpsideDown UIInterfaceOrientationLandscapeLeft UIInterfaceOrientationLandscapeRight";
				INFOPLIST_KEY_UISupportedInterfaceOrientations_iPhone = "UIInterfaceOrientationPortrait UIInterfaceOrientationLandscapeLeft UIInterfaceOrientationLandscapeRight";
				LD_RUNPATH_SEARCH_PATHS = (
					"$(inherited)",
					"@executable_path/Frameworks",
				);
				MARKETING_VERSION = 1.0;
				PRODUCT_BUNDLE_IDENTIFIER = melm.letechnicien;
				PRODUCT_NAME = "$(TARGET_NAME)";
				SWIFT_EMIT_LOC_STRINGS = YES;
				SWIFT_VERSION = 5.0;
				TARGETED_DEVICE_FAMILY = "1,2";
			};
			name = Release;
		};
		A6ABC71E2CDA29A300FFEA0B /* Debug */ = {
			isa = XCBuildConfiguration;
			buildSettings = {
				BUNDLE_LOADER = "$(TEST_HOST)";
				CODE_SIGN_STYLE = Automatic;
				CURRENT_PROJECT_VERSION = 1;
				DEVELOPMENT_TEAM = DZ9AADPZV2;
				GENERATE_INFOPLIST_FILE = YES;
				IPHONEOS_DEPLOYMENT_TARGET = 18.1;
				MARKETING_VERSION = 1.0;
				PRODUCT_BUNDLE_IDENTIFIER = melm.letechnicienTests;
				PRODUCT_NAME = "$(TARGET_NAME)";
				SWIFT_EMIT_LOC_STRINGS = NO;
				SWIFT_VERSION = 5.0;
				TARGETED_DEVICE_FAMILY = "1,2";
				TEST_HOST = "$(BUILT_PRODUCTS_DIR)/letechnicien.app/$(BUNDLE_EXECUTABLE_FOLDER_PATH)/letechnicien";
			};
			name = Debug;
		};
		A6ABC71F2CDA29A300FFEA0B /* Release */ = {
			isa = XCBuildConfiguration;
			buildSettings = {
				BUNDLE_LOADER = "$(TEST_HOST)";
				CODE_SIGN_STYLE = Automatic;
				CURRENT_PROJECT_VERSION = 1;
				DEVELOPMENT_TEAM = DZ9AADPZV2;
				GENERATE_INFOPLIST_FILE = YES;
				IPHONEOS_DEPLOYMENT_TARGET = 18.1;
				MARKETING_VERSION = 1.0;
				PRODUCT_BUNDLE_IDENTIFIER = melm.letechnicienTests;
				PRODUCT_NAME = "$(TARGET_NAME)";
				SWIFT_EMIT_LOC_STRINGS = NO;
				SWIFT_VERSION = 5.0;
				TARGETED_DEVICE_FAMILY = "1,2";
				TEST_HOST = "$(BUILT_PRODUCTS_DIR)/letechnicien.app/$(BUNDLE_EXECUTABLE_FOLDER_PATH)/letechnicien";
			};
			name = Release;
		};
		A6ABC7212CDA29A300FFEA0B /* Debug */ = {
			isa = XCBuildConfiguration;
			buildSettings = {
				CODE_SIGN_STYLE = Automatic;
				CURRENT_PROJECT_VERSION = 1;
				DEVELOPMENT_TEAM = DZ9AADPZV2;
				GENERATE_INFOPLIST_FILE = YES;
				MARKETING_VERSION = 1.0;
				PRODUCT_BUNDLE_IDENTIFIER = melm.letechnicienUITests;
				PRODUCT_NAME = "$(TARGET_NAME)";
				SWIFT_EMIT_LOC_STRINGS = NO;
				SWIFT_VERSION = 5.0;
				TARGETED_DEVICE_FAMILY = "1,2";
				TEST_TARGET_NAME = letechnicien;
			};
			name = Debug;
		};
		A6ABC7222CDA29A300FFEA0B /* Release */ = {
			isa = XCBuildConfiguration;
			buildSettings = {
				CODE_SIGN_STYLE = Automatic;
				CURRENT_PROJECT_VERSION = 1;
				DEVELOPMENT_TEAM = DZ9AADPZV2;
				GENERATE_INFOPLIST_FILE = YES;
				MARKETING_VERSION = 1.0;
				PRODUCT_BUNDLE_IDENTIFIER = melm.letechnicienUITests;
				PRODUCT_NAME = "$(TARGET_NAME)";
				SWIFT_EMIT_LOC_STRINGS = NO;
				SWIFT_VERSION = 5.0;
				TARGETED_DEVICE_FAMILY = "1,2";
				TEST_TARGET_NAME = letechnicien;
			};
			name = Release;
		};
/* End XCBuildConfiguration section */

/* Begin XCConfigurationList section */
		A6ABC6F12CDA29A100FFEA0B /* Build configuration list for PBXProject "letechnicien" */ = {
			isa = XCConfigurationList;
			buildConfigurations = (
				A6ABC7182CDA29A300FFEA0B /* Debug */,
				A6ABC7192CDA29A300FFEA0B /* Release */,
			);
			defaultConfigurationIsVisible = 0;
			defaultConfigurationName = Release;
		};
		A6ABC71A2CDA29A300FFEA0B /* Build configuration list for PBXNativeTarget "letechnicien" */ = {
			isa = XCConfigurationList;
			buildConfigurations = (
				A6ABC71B2CDA29A300FFEA0B /* Debug */,
				A6ABC71C2CDA29A300FFEA0B /* Release */,
			);
			defaultConfigurationIsVisible = 0;
			defaultConfigurationName = Release;
		};
		A6ABC71D2CDA29A300FFEA0B /* Build configuration list for PBXNativeTarget "letechnicienTests" */ = {
			isa = XCConfigurationList;
			buildConfigurations = (
				A6ABC71E2CDA29A300FFEA0B /* Debug */,
				A6ABC71F2CDA29A300FFEA0B /* Release */,
			);
			defaultConfigurationIsVisible = 0;
			defaultConfigurationName = Release;
		};
		A6ABC7202CDA29A300FFEA0B /* Build configuration list for PBXNativeTarget "letechnicienUITests" */ = {
			isa = XCConfigurationList;
			buildConfigurations = (
				A6ABC7212CDA29A300FFEA0B /* Debug */,
				A6ABC7222CDA29A300FFEA0B /* Release */,
			);
			defaultConfigurationIsVisible = 0;
			defaultConfigurationName = Release;
		};
/* End XCConfigurationList section */
	};
	rootObject = A6ABC6EE2CDA29A100FFEA0B /* Project object */;
}
